{
	"name": "carbon-trigger-extension",
	"version": "1.0.0",
	"lockfileVersion": 3,
	"requires": true,
	"packages": {
		"": {
			"name": "carbon-trigger-extension",
			"version": "1.0.0",
			"license": "MIT",
			"dependencies": {
				"axios": "^1.4.0"
			},
			"devDependencies": {
				"webpack": "^5.88.1",
				"webpack-cli": "^5.1.4"
			},
			"engines": {
				"node": ">=18.0.0",
				"npm": ">=9.0.0"
			}
		},
		"node_modules/@discoveryjs/json-ext": {
			"version": "0.5.7",
			"resolved": "https://registry.npmjs.org/@discoveryjs/json-ext/-/json-ext-0.5.7.tgz",
			"integrity": "sha512-dBVuXR082gk3jsFp7Rd/JI4kytwGHecnCoTtXFb7DB6CNHp4rg5k1bhg0nWdLGLnOV71lmDzGQaLMy8iPLY0pw==",
			"dev": true,
			"engines": {
				"node": ">=10.0.0"
			}
		},
		"node_modules/@jridgewell/gen-mapping": {
			"version": "0.3.3",
			"resolved": "https://registry.npmjs.org/@jridgewell/gen-mapping/-/gen-mapping-0.3.3.tgz",
			"integrity": "sha512-HLhSWOLRi875zjjMG/r+Nv0oCW8umGb0BgEhyX3dDX3egwZtB8PqLnjz3yedt8R5StBrzcg4aBpnh8UA9D1BoQ==",
			"dev": true,
			"dependencies": {
				"@jridgewell/set-array": "^1.0.1",
				"@jridgewell/sourcemap-codec": "^1.4.10",
				"@jridgewell/trace-mapping": "^0.3.9"
			},
			"engines": {
				"node": ">=6.0.0"
			}
		},
		"node_modules/@jridgewell/resolve-uri": {
			"version": "3.1.0",
			"resolved": "https://registry.npmjs.org/@jridgewell/resolve-uri/-/resolve-uri-3.1.0.tgz",
			"integrity": "sha512-F2msla3tad+Mfht5cJq7LSXcdudKTWCVYUgw6pLFOOHSTtZlj6SWNYAp+AhuqLmWdBO2X5hPrLcu8cVP8fy28w==",
			"dev": true,
			"engines": {
				"node": ">=6.0.0"
			}
		},
		"node_modules/@jridgewell/set-array": {
			"version": "1.1.2",
			"resolved": "https://registry.npmjs.org/@jridgewell/set-array/-/set-array-1.1.2.tgz",
			"integrity": "sha512-xnkseuNADM0gt2bs+BvhO0p78Mk762YnZdsuzFV018NoG1Sj1SCQvpSqa7XUaTam5vAGasABV9qXASMKnFMwMw==",
			"dev": true,
			"engines": {
				"node": ">=6.0.0"
			}
		},
		"node_modules/@jridgewell/source-map": {
			"version": "0.3.5",
			"resolved": "https://registry.npmjs.org/@jridgewell/source-map/-/source-map-0.3.5.tgz",
			"integrity": "sha512-UTYAUj/wviwdsMfzoSJspJxbkH5o1snzwX0//0ENX1u/55kkZZkcTZP6u9bwKGkv+dkk9at4m1Cpt0uY80kcpQ==",
			"dev": true,
			"dependencies": {
				"@jridgewell/gen-mapping": "^0.3.0",
				"@jridgewell/trace-mapping": "^0.3.9"
			}
		},
		"node_modules/@jridgewell/sourcemap-codec": {
			"version": "1.4.14",
			"resolved": "https://registry.npmjs.org/@jridgewell/sourcemap-codec/-/sourcemap-codec-1.4.14.tgz",
			"integrity": "sha512-XPSJHWmi394fuUuzDnGz1wiKqWfo1yXecHQMRf2l6hztTO+nPru658AyDngaBe7isIxEkRsPR3FZh+s7iVa4Uw==",
			"dev": true
		},
		"node_modules/@jridgewell/trace-mapping": {
			"version": "0.3.18",
			"resolved": "https://registry.npmjs.org/@jridgewell/trace-mapping/-/trace-mapping-0.3.18.tgz",
			"integrity": "sha512-w+niJYzMHdd7USdiH2U6869nqhD2nbfZXND5Yp93qIbEmnDNk7PD48o+YchRVpzMU7M6jVCbenTR7PA1FLQ9pA==",
			"dev": true,
			"dependencies": {
				"@jridgewell/resolve-uri": "3.1.0",
				"@jridgewell/sourcemap-codec": "1.4.14"
			}
		},
		"node_modules/@types/eslint": {
			"version": "8.40.2",
			"resolved": "https://registry.npmjs.org/@types/eslint/-/eslint-8.40.2.tgz",
			"integrity": "sha512-PRVjQ4Eh9z9pmmtaq8nTjZjQwKFk7YIHIud3lRoKRBgUQjgjRmoGxxGEPXQkF+lH7QkHJRNr5F4aBgYCW0lqpQ==",
			"dev": true,
			"dependencies": {
				"@types/estree": "*",
				"@types/json-schema": "*"
			}
		},
		"node_modules/@types/eslint-scope": {
			"version": "3.7.4",
			"resolved": "https://registry.npmjs.org/@types/eslint-scope/-/eslint-scope-3.7.4.tgz",
			"integrity": "sha512-9K4zoImiZc3HlIp6AVUDE4CWYx22a+lhSZMYNpbjW04+YF0KWj4pJXnEMjdnFTiQibFFmElcsasJXDbdI/EPhA==",
			"dev": true,
			"dependencies": {
				"@types/eslint": "*",
				"@types/estree": "*"
			}
		},
		"node_modules/@types/estree": {
			"version": "1.0.1",
			"resolved": "https://registry.npmjs.org/@types/estree/-/estree-1.0.1.tgz",
			"integrity": "sha512-LG4opVs2ANWZ1TJoKc937iMmNstM/d0ae1vNbnBvBhqCSezgVUOzcLCqbI5elV8Vy6WKwKjaqR+zO9VKirBBCA==",
			"dev": true
		},
		"node_modules/@types/json-schema": {
			"version": "7.0.12",
			"resolved": "https://registry.npmjs.org/@types/json-schema/-/json-schema-7.0.12.tgz",
			"integrity": "sha512-Hr5Jfhc9eYOQNPYO5WLDq/n4jqijdHNlDXjuAQkkt+mWdQR+XJToOHrsD4cPaMXpn6KO7y2+wM8AZEs8VpBLVA==",
			"dev": true
		},
		"node_modules/@types/node": {
			"version": "20.3.3",
			"resolved": "https://registry.npmjs.org/@types/node/-/node-20.3.3.tgz",
			"integrity": "sha512-wheIYdr4NYML61AjC8MKj/2jrR/kDQri/CIpVoZwldwhnIrD/j9jIU5bJ8yBKuB2VhpFV7Ab6G2XkBjv9r9Zzw==",
			"dev": true
		},
		"node_modules/@webassemblyjs/ast": {
			"version": "1.11.6",
			"resolved": "https://registry.npmjs.org/@webassemblyjs/ast/-/ast-1.11.6.tgz",
			"integrity": "sha512-IN1xI7PwOvLPgjcf180gC1bqn3q/QaOCwYUahIOhbYUu8KA/3tw2RT/T0Gidi1l7Hhj5D/INhJxiICObqpMu4Q==",
			"dev": true,
			"dependencies": {
				"@webassemblyjs/helper-numbers": "1.11.6",
				"@webassemblyjs/helper-wasm-bytecode": "1.11.6"
			}
		},
		"node_modules/@webassemblyjs/floating-point-hex-parser": {
			"version": "1.11.6",
			"resolved": "https://registry.npmjs.org/@webassemblyjs/floating-point-hex-parser/-/floating-point-hex-parser-1.11.6.tgz",
			"integrity": "sha512-ejAj9hfRJ2XMsNHk/v6Fu2dGS+i4UaXBXGemOfQ/JfQ6mdQg/WXtwleQRLLS4OvfDhv8rYnVwH27YJLMyYsxhw==",
			"dev": true
		},
		"node_modules/@webassemblyjs/helper-api-error": {
			"version": "1.11.6",
			"resolved": "https://registry.npmjs.org/@webassemblyjs/helper-api-error/-/helper-api-error-1.11.6.tgz",
			"integrity": "sha512-o0YkoP4pVu4rN8aTJgAyj9hC2Sv5UlkzCHhxqWj8butaLvnpdc2jOwh4ewE6CX0txSfLn/UYaV/pheS2Txg//Q==",
			"dev": true
		},
		"node_modules/@webassemblyjs/helper-buffer": {
			"version": "1.11.6",
			"resolved": "https://registry.npmjs.org/@webassemblyjs/helper-buffer/-/helper-buffer-1.11.6.tgz",
			"integrity": "sha512-z3nFzdcp1mb8nEOFFk8DrYLpHvhKC3grJD2ardfKOzmbmJvEf/tPIqCY+sNcwZIY8ZD7IkB2l7/pqhUhqm7hLA==",
			"dev": true
		},
		"node_modules/@webassemblyjs/helper-numbers": {
			"version": "1.11.6",
			"resolved": "https://registry.npmjs.org/@webassemblyjs/helper-numbers/-/helper-numbers-1.11.6.tgz",
			"integrity": "sha512-vUIhZ8LZoIWHBohiEObxVm6hwP034jwmc9kuq5GdHZH0wiLVLIPcMCdpJzG4C11cHoQ25TFIQj9kaVADVX7N3g==",
			"dev": true,
			"dependencies": {
				"@webassemblyjs/floating-point-hex-parser": "1.11.6",
				"@webassemblyjs/helper-api-error": "1.11.6",
				"@xtuc/long": "4.2.2"
			}
		},
		"node_modules/@webassemblyjs/helper-wasm-bytecode": {
			"version": "1.11.6",
			"resolved": "https://registry.npmjs.org/@webassemblyjs/helper-wasm-bytecode/-/helper-wasm-bytecode-1.11.6.tgz",
			"integrity": "sha512-sFFHKwcmBprO9e7Icf0+gddyWYDViL8bpPjJJl0WHxCdETktXdmtWLGVzoHbqUcY4Be1LkNfwTmXOJUFZYSJdA==",
			"dev": true
		},
		"node_modules/@webassemblyjs/helper-wasm-section": {
			"version": "1.11.6",
			"resolved": "https://registry.npmjs.org/@webassemblyjs/helper-wasm-section/-/helper-wasm-section-1.11.6.tgz",
			"integrity": "sha512-LPpZbSOwTpEC2cgn4hTydySy1Ke+XEu+ETXuoyvuyezHO3Kjdu90KK95Sh9xTbmjrCsUwvWwCOQQNta37VrS9g==",
			"dev": true,
			"dependencies": {
				"@webassemblyjs/ast": "1.11.6",
				"@webassemblyjs/helper-buffer": "1.11.6",
				"@webassemblyjs/helper-wasm-bytecode": "1.11.6",
				"@webassemblyjs/wasm-gen": "1.11.6"
			}
		},
		"node_modules/@webassemblyjs/ieee754": {
			"version": "1.11.6",
			"resolved": "https://registry.npmjs.org/@webassemblyjs/ieee754/-/ieee754-1.11.6.tgz",
			"integrity": "sha512-LM4p2csPNvbij6U1f19v6WR56QZ8JcHg3QIJTlSwzFcmx6WSORicYj6I63f9yU1kEUtrpG+kjkiIAkevHpDXrg==",
			"dev": true,
			"dependencies": {
				"@xtuc/ieee754": "^1.2.0"
			}
		},
		"node_modules/@webassemblyjs/leb128": {
			"version": "1.11.6",
			"resolved": "https://registry.npmjs.org/@webassemblyjs/leb128/-/leb128-1.11.6.tgz",
			"integrity": "sha512-m7a0FhE67DQXgouf1tbN5XQcdWoNgaAuoULHIfGFIEVKA6tu/edls6XnIlkmS6FrXAquJRPni3ZZKjw6FSPjPQ==",
			"dev": true,
			"dependencies": {
				"@xtuc/long": "4.2.2"
			}
		},
		"node_modules/@webassemblyjs/utf8": {
			"version": "1.11.6",
			"resolved": "https://registry.npmjs.org/@webassemblyjs/utf8/-/utf8-1.11.6.tgz",
			"integrity": "sha512-vtXf2wTQ3+up9Zsg8sa2yWiQpzSsMyXj0qViVP6xKGCUT8p8YJ6HqI7l5eCnWx1T/FYdsv07HQs2wTFbbof/RA==",
			"dev": true
		},
		"node_modules/@webassemblyjs/wasm-edit": {
			"version": "1.11.6",
			"resolved": "https://registry.npmjs.org/@webassemblyjs/wasm-edit/-/wasm-edit-1.11.6.tgz",
			"integrity": "sha512-Ybn2I6fnfIGuCR+Faaz7YcvtBKxvoLV3Lebn1tM4o/IAJzmi9AWYIPWpyBfU8cC+JxAO57bk4+zdsTjJR+VTOw==",
			"dev": true,
			"dependencies": {
				"@webassemblyjs/ast": "1.11.6",
				"@webassemblyjs/helper-buffer": "1.11.6",
				"@webassemblyjs/helper-wasm-bytecode": "1.11.6",
				"@webassemblyjs/helper-wasm-section": "1.11.6",
				"@webassemblyjs/wasm-gen": "1.11.6",
				"@webassemblyjs/wasm-opt": "1.11.6",
				"@webassemblyjs/wasm-parser": "1.11.6",
				"@webassemblyjs/wast-printer": "1.11.6"
			}
		},
		"node_modules/@webassemblyjs/wasm-gen": {
			"version": "1.11.6",
			"resolved": "https://registry.npmjs.org/@webassemblyjs/wasm-gen/-/wasm-gen-1.11.6.tgz",
			"integrity": "sha512-3XOqkZP/y6B4F0PBAXvI1/bky7GryoogUtfwExeP/v7Nzwo1QLcq5oQmpKlftZLbT+ERUOAZVQjuNVak6UXjPA==",
			"dev": true,
			"dependencies": {
				"@webassemblyjs/ast": "1.11.6",
				"@webassemblyjs/helper-wasm-bytecode": "1.11.6",
				"@webassemblyjs/ieee754": "1.11.6",
				"@webassemblyjs/leb128": "1.11.6",
				"@webassemblyjs/utf8": "1.11.6"
			}
		},
		"node_modules/@webassemblyjs/wasm-opt": {
			"version": "1.11.6",
			"resolved": "https://registry.npmjs.org/@webassemblyjs/wasm-opt/-/wasm-opt-1.11.6.tgz",
			"integrity": "sha512-cOrKuLRE7PCe6AsOVl7WasYf3wbSo4CeOk6PkrjS7g57MFfVUF9u6ysQBBODX0LdgSvQqRiGz3CXvIDKcPNy4g==",
			"dev": true,
			"dependencies": {
				"@webassemblyjs/ast": "1.11.6",
				"@webassemblyjs/helper-buffer": "1.11.6",
				"@webassemblyjs/wasm-gen": "1.11.6",
				"@webassemblyjs/wasm-parser": "1.11.6"
			}
		},
		"node_modules/@webassemblyjs/wasm-parser": {
			"version": "1.11.6",
			"resolved": "https://registry.npmjs.org/@webassemblyjs/wasm-parser/-/wasm-parser-1.11.6.tgz",
			"integrity": "sha512-6ZwPeGzMJM3Dqp3hCsLgESxBGtT/OeCvCZ4TA1JUPYgmhAx38tTPR9JaKy0S5H3evQpO/h2uWs2j6Yc/fjkpTQ==",
			"dev": true,
			"dependencies": {
				"@webassemblyjs/ast": "1.11.6",
				"@webassemblyjs/helper-api-error": "1.11.6",
				"@webassemblyjs/helper-wasm-bytecode": "1.11.6",
				"@webassemblyjs/ieee754": "1.11.6",
				"@webassemblyjs/leb128": "1.11.6",
				"@webassemblyjs/utf8": "1.11.6"
			}
		},
		"node_modules/@webassemblyjs/wast-printer": {
			"version": "1.11.6",
			"resolved": "https://registry.npmjs.org/@webassemblyjs/wast-printer/-/wast-printer-1.11.6.tgz",
			"integrity": "sha512-JM7AhRcE+yW2GWYaKeHL5vt4xqee5N2WcezptmgyhNS+ScggqcT1OtXykhAb13Sn5Yas0j2uv9tHgrjwvzAP4A==",
			"dev": true,
			"dependencies": {
				"@webassemblyjs/ast": "1.11.6",
				"@xtuc/long": "4.2.2"
			}
		},
		"node_modules/@webpack-cli/configtest": {
			"version": "2.1.1",
			"resolved": "https://registry.npmjs.org/@webpack-cli/configtest/-/configtest-2.1.1.tgz",
			"integrity": "sha512-wy0mglZpDSiSS0XHrVR+BAdId2+yxPSoJW8fsna3ZpYSlufjvxnP4YbKTCBZnNIcGN4r6ZPXV55X4mYExOfLmw==",
			"dev": true,
			"engines": {
				"node": ">=14.15.0"
			},
			"peerDependencies": {
				"webpack": "5.x.x",
				"webpack-cli": "5.x.x"
			}
		},
		"node_modules/@webpack-cli/info": {
			"version": "2.0.2",
			"resolved": "https://registry.npmjs.org/@webpack-cli/info/-/info-2.0.2.tgz",
			"integrity": "sha512-zLHQdI/Qs1UyT5UBdWNqsARasIA+AaF8t+4u2aS2nEpBQh2mWIVb8qAklq0eUENnC5mOItrIB4LiS9xMtph18A==",
			"dev": true,
			"engines": {
				"node": ">=14.15.0"
			},
			"peerDependencies": {
				"webpack": "5.x.x",
				"webpack-cli": "5.x.x"
			}
		},
		"node_modules/@webpack-cli/serve": {
			"version": "2.0.5",
			"resolved": "https://registry.npmjs.org/@webpack-cli/serve/-/serve-2.0.5.tgz",
			"integrity": "sha512-lqaoKnRYBdo1UgDX8uF24AfGMifWK19TxPmM5FHc2vAGxrJ/qtyUyFBWoY1tISZdelsQ5fBcOusifo5o5wSJxQ==",
			"dev": true,
			"engines": {
				"node": ">=14.15.0"
			},
			"peerDependencies": {
				"webpack": "5.x.x",
				"webpack-cli": "5.x.x"
			},
			"peerDependenciesMeta": {
				"webpack-dev-server": {
					"optional": true
				}
			}
		},
		"node_modules/@xtuc/ieee754": {
			"version": "1.2.0",
			"resolved": "https://registry.npmjs.org/@xtuc/ieee754/-/ieee754-1.2.0.tgz",
			"integrity": "sha512-DX8nKgqcGwsc0eJSqYt5lwP4DH5FlHnmuWWBRy7X0NcaGR0ZtuyeESgMwTYVEtxmsNGY+qit4QYT/MIYTOTPeA==",
			"dev": true
		},
		"node_modules/@xtuc/long": {
			"version": "4.2.2",
			"resolved": "https://registry.npmjs.org/@xtuc/long/-/long-4.2.2.tgz",
			"integrity": "sha512-NuHqBY1PB/D8xU6s/thBgOAiAP7HOYDQ32+BFZILJ8ivkUkAHQnWfn6WhL79Owj1qmUnoN/YPhktdIoucipkAQ==",
			"dev": true
		},
		"node_modules/acorn": {
			"version": "8.10.0",
			"resolved": "https://registry.npmjs.org/acorn/-/acorn-8.10.0.tgz",
			"integrity": "sha512-F0SAmZ8iUtS//m8DmCTA0jlh6TDKkHQyK6xc6V4KDTyZKA9dnvX9/3sRTVQrWm79glUAZbnmmNcdYwUIHWVybw==",
			"dev": true,
			"bin": {
				"acorn": "bin/acorn"
			},
			"engines": {
				"node": ">=0.4.0"
			}
		},
		"node_modules/acorn-import-assertions": {
			"version": "1.9.0",
			"resolved": "https://registry.npmjs.org/acorn-import-assertions/-/acorn-import-assertions-1.9.0.tgz",
			"integrity": "sha512-cmMwop9x+8KFhxvKrKfPYmN6/pKTYYHBqLa0DfvVZcKMJWNyWLnaqND7dx/qn66R7ewM1UX5XMaDVP5wlVTaVA==",
			"dev": true,
			"peerDependencies": {
				"acorn": "^8"
			}
		},
		"node_modules/ajv": {
			"version": "6.12.6",
			"resolved": "https://registry.npmjs.org/ajv/-/ajv-6.12.6.tgz",
			"integrity": "sha512-j3fVLgvTo527anyYyJOGTYJbG+vnnQYvE0m5mmkc1TK+nxAppkCLMIL0aZ4dblVCNoGShhm+kzE4ZUykBoMg4g==",
			"dev": true,
			"dependencies": {
				"fast-deep-equal": "^3.1.1",
				"fast-json-stable-stringify": "^2.0.0",
				"json-schema-traverse": "^0.4.1",
				"uri-js": "^4.2.2"
			},
			"funding": {
				"type": "github",
				"url": "https://github.com/sponsors/epoberezkin"
			}
		},
		"node_modules/ajv-keywords": {
			"version": "3.5.2",
			"resolved": "https://registry.npmjs.org/ajv-keywords/-/ajv-keywords-3.5.2.tgz",
			"integrity": "sha512-5p6WTN0DdTGVQk6VjcEju19IgaHudalcfabD7yhDGeA6bcQnmL+CpveLJq/3hvfwd1aof6L386Ougkx6RfyMIQ==",
			"dev": true,
			"peerDependencies": {
				"ajv": "^6.9.1"
			}
		},
		"node_modules/asynckit": {
			"version": "0.4.0",
			"resolved": "https://registry.npmjs.org/asynckit/-/asynckit-0.4.0.tgz",
			"integrity": "sha512-Oei9OH4tRh0YqU3GxhX79dM/mwVgvbZJaSNaRk+bshkj0S5cfHcgYakreBjrHwatXKbz+IoIdYLxrKim2MjW0Q=="
		},
		"node_modules/axios": {
			"version": "1.4.0",
			"resolved": "https://registry.npmjs.org/axios/-/axios-1.4.0.tgz",
			"integrity": "sha512-S4XCWMEmzvo64T9GfvQDOXgYRDJ/wsSZc7Jvdgx5u1sd0JwsuPLqb3SYmusag+edF6ziyMensPVqLTSc1PiSEA==",
			"dependencies": {
				"follow-redirects": "^1.15.0",
				"form-data": "^4.0.0",
				"proxy-from-env": "^1.1.0"
			}
		},
		"node_modules/browserslist": {
			"version": "4.21.9",
			"resolved": "https://registry.npmjs.org/browserslist/-/browserslist-4.21.9.tgz",
			"integrity": "sha512-M0MFoZzbUrRU4KNfCrDLnvyE7gub+peetoTid3TBIqtunaDJyXlwhakT+/VkvSXcfIzFfK/nkCs4nmyTmxdNSg==",
			"dev": true,
			"funding": [
				{
					"type": "opencollective",
					"url": "https://opencollective.com/browserslist"
				},
				{
					"type": "tidelift",
					"url": "https://tidelift.com/funding/github/npm/browserslist"
				},
				{
					"type": "github",
					"url": "https://github.com/sponsors/ai"
				}
			],
			"dependencies": {
				"caniuse-lite": "^1.0.30001503",
				"electron-to-chromium": "^1.4.431",
				"node-releases": "^2.0.12",
				"update-browserslist-db": "^1.0.11"
			},
			"bin": {
				"browserslist": "cli.js"
			},
			"engines": {
				"node": "^6 || ^7 || ^8 || ^9 || ^10 || ^11 || ^12 || >=13.7"
			}
		},
		"node_modules/buffer-from": {
			"version": "1.1.2",
			"resolved": "https://registry.npmjs.org/buffer-from/-/buffer-from-1.1.2.tgz",
			"integrity": "sha512-E+XQCRwSbaaiChtv6k6Dwgc+bx+Bs6vuKJHHl5kox/BaKbhiXzqQOwK4cO22yElGp2OCmjwVhT3HmxgyPGnJfQ==",
			"dev": true
		},
		"node_modules/caniuse-lite": {
			"version": "1.0.30001512",
			"resolved": "https://registry.npmjs.org/caniuse-lite/-/caniuse-lite-1.0.30001512.tgz",
			"integrity": "sha512-2S9nK0G/mE+jasCUsMPlARhRCts1ebcp2Ji8Y8PWi4NDE1iRdLCnEPHkEfeBrGC45L4isBx5ur3IQ6yTE2mRZw==",
			"dev": true,
			"funding": [
				{
					"type": "opencollective",
					"url": "https://opencollective.com/browserslist"
				},
				{
					"type": "tidelift",
					"url": "https://tidelift.com/funding/github/npm/caniuse-lite"
				},
				{
					"type": "github",
					"url": "https://github.com/sponsors/ai"
				}
			]
		},
		"node_modules/chrome-trace-event": {
			"version": "1.0.3",
			"resolved": "https://registry.npmjs.org/chrome-trace-event/-/chrome-trace-event-1.0.3.tgz",
			"integrity": "sha512-p3KULyQg4S7NIHixdwbGX+nFHkoBiA4YQmyWtjb8XngSKV124nJmRysgAeujbUVb15vh+RvFUfCPqU7rXk+hZg==",
			"dev": true,
			"engines": {
				"node": ">=6.0"
			}
		},
		"node_modules/clone-deep": {
			"version": "4.0.1",
			"resolved": "https://registry.npmjs.org/clone-deep/-/clone-deep-4.0.1.tgz",
			"integrity": "sha512-neHB9xuzh/wk0dIHweyAXv2aPGZIVk3pLMe+/RNzINf17fe0OG96QroktYAUm7SM1PBnzTabaLboqqxDyMU+SQ==",
			"dev": true,
			"dependencies": {
				"is-plain-object": "^2.0.4",
				"kind-of": "^6.0.2",
				"shallow-clone": "^3.0.0"
			},
			"engines": {
				"node": ">=6"
			}
		},
		"node_modules/colorette": {
			"version": "2.0.20",
			"resolved": "https://registry.npmjs.org/colorette/-/colorette-2.0.20.tgz",
			"integrity": "sha512-IfEDxwoWIjkeXL1eXcDiow4UbKjhLdq6/EuSVR9GMN7KVH3r9gQ83e73hsz1Nd1T3ijd5xv1wcWRYO+D6kCI2w==",
			"dev": true
		},
		"node_modules/combined-stream": {
			"version": "1.0.8",
			"resolved": "https://registry.npmjs.org/combined-stream/-/combined-stream-1.0.8.tgz",
			"integrity": "sha512-FQN4MRfuJeHf7cBbBMJFXhKSDq+2kAArBlmRBvcvFE5BB1HZKXtSFASDhdlz9zOYwxh8lDdnvmMOe/+5cdoEdg==",
			"dependencies": {
				"delayed-stream": "~1.0.0"
			},
			"engines": {
				"node": ">= 0.8"
			}
		},
		"node_modules/commander": {
			"version": "2.20.3",
			"resolved": "https://registry.npmjs.org/commander/-/commander-2.20.3.tgz",
			"integrity": "sha512-GpVkmM8vF2vQUkj2LvZmD35JxeJOLCwJ9cUkugyk2nuhbv3+mJvpLYYt+0+USMxE+oj+ey/lJEnhZw75x/OMcQ==",
			"dev": true
		},
		"node_modules/cross-spawn": {
			"version": "7.0.3",
			"resolved": "https://registry.npmjs.org/cross-spawn/-/cross-spawn-7.0.3.tgz",
			"integrity": "sha512-iRDPJKUPVEND7dHPO8rkbOnPpyDygcDFtWjpeWNCgy8WP2rXcxXL8TskReQl6OrB2G7+UJrags1q15Fudc7G6w==",
			"dev": true,
			"dependencies": {
				"path-key": "^3.1.0",
				"shebang-command": "^2.0.0",
				"which": "^2.0.1"
			},
			"engines": {
				"node": ">= 8"
			}
		},
		"node_modules/delayed-stream": {
			"version": "1.0.0",
			"resolved": "https://registry.npmjs.org/delayed-stream/-/delayed-stream-1.0.0.tgz",
			"integrity": "sha512-ZySD7Nf91aLB0RxL4KGrKHBXl7Eds1DAmEdcoVawXnLD7SDhpNgtuII2aAkg7a7QS41jxPSZ17p4VdGnMHk3MQ==",
			"engines": {
				"node": ">=0.4.0"
			}
		},
		"node_modules/electron-to-chromium": {
			"version": "1.4.450",
			"resolved": "https://registry.npmjs.org/electron-to-chromium/-/electron-to-chromium-1.4.450.tgz",
			"integrity": "sha512-BLG5HxSELlrMx7dJ2s+8SFlsCtJp37Zpk2VAxyC6CZtbc+9AJeZHfYHbrlSgdXp6saQ8StMqOTEDaBKgA7u1sw==",
			"dev": true
		},
		"node_modules/enhanced-resolve": {
			"version": "5.15.0",
			"resolved": "https://registry.npmjs.org/enhanced-resolve/-/enhanced-resolve-5.15.0.tgz",
			"integrity": "sha512-LXYT42KJ7lpIKECr2mAXIaMldcNCh/7E0KBKOu4KSfkHmP+mZmSs+8V5gBAqisWBy0OO4W5Oyys0GO1Y8KtdKg==",
			"dev": true,
			"dependencies": {
				"graceful-fs": "^4.2.4",
				"tapable": "^2.2.0"
			},
			"engines": {
				"node": ">=10.13.0"
			}
		},
		"node_modules/envinfo": {
			"version": "7.10.0",
			"resolved": "https://registry.npmjs.org/envinfo/-/envinfo-7.10.0.tgz",
			"integrity": "sha512-ZtUjZO6l5mwTHvc1L9+1q5p/R3wTopcfqMW8r5t8SJSKqeVI/LtajORwRFEKpEFuekjD0VBjwu1HMxL4UalIRw==",
			"dev": true,
			"bin": {
				"envinfo": "dist/cli.js"
			},
			"engines": {
				"node": ">=4"
			}
		},
		"node_modules/es-module-lexer": {
			"version": "1.3.0",
			"resolved": "https://registry.npmjs.org/es-module-lexer/-/es-module-lexer-1.3.0.tgz",
			"integrity": "sha512-vZK7T0N2CBmBOixhmjdqx2gWVbFZ4DXZ/NyRMZVlJXPa7CyFS+/a4QQsDGDQy9ZfEzxFuNEsMLeQJnKP2p5/JA==",
			"dev": true
		},
		"node_modules/escalade": {
			"version": "3.1.1",
			"resolved": "https://registry.npmjs.org/escalade/-/escalade-3.1.1.tgz",
			"integrity": "sha512-k0er2gUkLf8O0zKJiAhmkTnJlTvINGv7ygDNPbeIsX/TJjGJZHuh9B2UxbsaEkmlEo9MfhrSzmhIlhRlI2GXnw==",
			"dev": true,
			"engines": {
				"node": ">=6"
			}
		},
		"node_modules/eslint-scope": {
			"version": "5.1.1",
			"resolved": "https://registry.npmjs.org/eslint-scope/-/eslint-scope-5.1.1.tgz",
			"integrity": "sha512-2NxwbF/hZ0KpepYN0cNbo+FN6XoK7GaHlQhgx/hIZl6Va0bF45RQOOwhLIy8lQDbuCiadSLCBnH2CFYquit5bw==",
			"dev": true,
			"dependencies": {
				"esrecurse": "^4.3.0",
				"estraverse": "^4.1.1"
			},
			"engines": {
				"node": ">=8.0.0"
			}
		},
		"node_modules/esrecurse": {
			"version": "4.3.0",
			"resolved": "https://registry.npmjs.org/esrecurse/-/esrecurse-4.3.0.tgz",
			"integrity": "sha512-KmfKL3b6G+RXvP8N1vr3Tq1kL/oCFgn2NYXEtqP8/L3pKapUA4G8cFVaoF3SU323CD4XypR/ffioHmkti6/Tag==",
			"dev": true,
			"dependencies": {
				"estraverse": "^5.2.0"
			},
			"engines": {
				"node": ">=4.0"
			}
		},
		"node_modules/esrecurse/node_modules/estraverse": {
			"version": "5.3.0",
			"resolved": "https://registry.npmjs.org/estraverse/-/estraverse-5.3.0.tgz",
			"integrity": "sha512-MMdARuVEQziNTeJD8DgMqmhwR11BRQ/cBP+pLtYdSTnf3MIO8fFeiINEbX36ZdNlfU/7A9f3gUw49B3oQsvwBA==",
			"dev": true,
			"engines": {
				"node": ">=4.0"
			}
		},
		"node_modules/estraverse": {
			"version": "4.3.0",
			"resolved": "https://registry.npmjs.org/estraverse/-/estraverse-4.3.0.tgz",
			"integrity": "sha512-39nnKffWz8xN1BU/2c79n9nB9HDzo0niYUqx6xyqUnyoAnQyyWpOTdZEeiCch8BBu515t4wp9ZmgVfVhn9EBpw==",
			"dev": true,
			"engines": {
				"node": ">=4.0"
			}
		},
		"node_modules/events": {
			"version": "3.3.0",
			"resolved": "https://registry.npmjs.org/events/-/events-3.3.0.tgz",
			"integrity": "sha512-mQw+2fkQbALzQ7V0MY0IqdnXNOeTtP4r0lN9z7AAawCXgqea7bDii20AYrIBrFd/Hx0M2Ocz6S111CaFkUcb0Q==",
			"dev": true,
			"engines": {
				"node": ">=0.8.x"
			}
		},
		"node_modules/fast-deep-equal": {
			"version": "3.1.3",
			"resolved": "https://registry.npmjs.org/fast-deep-equal/-/fast-deep-equal-3.1.3.tgz",
			"integrity": "sha512-f3qQ9oQy9j2AhBe/H9VC91wLmKBCCU/gDOnKNAYG5hswO7BLKj09Hc5HYNz9cGI++xlpDCIgDaitVs03ATR84Q==",
			"dev": true
		},
		"node_modules/fast-json-stable-stringify": {
			"version": "2.1.0",
			"resolved": "https://registry.npmjs.org/fast-json-stable-stringify/-/fast-json-stable-stringify-2.1.0.tgz",
			"integrity": "sha512-lhd/wF+Lk98HZoTCtlVraHtfh5XYijIjalXck7saUtuanSDyLMxnHhSXEDJqHxD7msR8D0uCmqlkwjCV8xvwHw==",
			"dev": true
		},
		"node_modules/fastest-levenshtein": {
			"version": "1.0.16",
			"resolved": "https://registry.npmjs.org/fastest-levenshtein/-/fastest-levenshtein-1.0.16.tgz",
			"integrity": "sha512-eRnCtTTtGZFpQCwhJiUOuxPQWRXVKYDn0b2PeHfXL6/Zi53SLAzAHfVhVWK2AryC/WH05kGfxhFIPvTF0SXQzg==",
			"dev": true,
			"engines": {
				"node": ">= 4.9.1"
			}
		},
		"node_modules/find-up": {
			"version": "4.1.0",
			"resolved": "https://registry.npmjs.org/find-up/-/find-up-4.1.0.tgz",
			"integrity": "sha512-PpOwAdQ/YlXQ2vj8a3h8IipDuYRi3wceVQQGYWxNINccq40Anw7BlsEXCMbt1Zt+OLA6Fq9suIpIWD0OsnISlw==",
			"dev": true,
			"dependencies": {
				"locate-path": "^5.0.0",
				"path-exists": "^4.0.0"
			},
			"engines": {
				"node": ">=8"
			}
		},
		"node_modules/follow-redirects": {
			"version": "1.15.2",
			"resolved": "https://registry.npmjs.org/follow-redirects/-/follow-redirects-1.15.2.tgz",
			"integrity": "sha512-VQLG33o04KaQ8uYi2tVNbdrWp1QWxNNea+nmIB4EVM28v0hmP17z7aG1+wAkNzVq4KeXTq3221ye5qTJP91JwA==",
			"funding": [
				{
					"type": "individual",
					"url": "https://github.com/sponsors/RubenVerborgh"
				}
			],
			"engines": {
				"node": ">=4.0"
			},
			"peerDependenciesMeta": {
				"debug": {
					"optional": true
				}
			}
		},
		"node_modules/form-data": {
			"version": "4.0.0",
			"resolved": "https://registry.npmjs.org/form-data/-/form-data-4.0.0.tgz",
			"integrity": "sha512-ETEklSGi5t0QMZuiXoA/Q6vcnxcLQP5vdugSpuAyi6SVGi2clPPp+xgEhuMaHC+zGgn31Kd235W35f7Hykkaww==",
			"dependencies": {
				"asynckit": "^0.4.0",
				"combined-stream": "^1.0.8",
				"mime-types": "^2.1.12"
			},
			"engines": {
				"node": ">= 6"
			}
		},
		"node_modules/function-bind": {
			"version": "1.1.1",
			"resolved": "https://registry.npmjs.org/function-bind/-/function-bind-1.1.1.tgz",
			"integrity": "sha512-yIovAzMX49sF8Yl58fSCWJ5svSLuaibPxXQJFLmBObTuCr0Mf1KiPopGM9NiFjiYBCbfaa2Fh6breQ6ANVTI0A==",
			"dev": true
		},
		"node_modules/glob-to-regexp": {
			"version": "0.4.1",
			"resolved": "https://registry.npmjs.org/glob-to-regexp/-/glob-to-regexp-0.4.1.tgz",
			"integrity": "sha512-lkX1HJXwyMcprw/5YUZc2s7DrpAiHB21/V+E1rHUrVNokkvB6bqMzT0VfV6/86ZNabt1k14YOIaT7nDvOX3Iiw==",
			"dev": true
		},
		"node_modules/graceful-fs": {
			"version": "4.2.11",
			"resolved": "https://registry.npmjs.org/graceful-fs/-/graceful-fs-4.2.11.tgz",
			"integrity": "sha512-RbJ5/jmFcNNCcDV5o9eTnBLJ/HszWV0P73bc+Ff4nS/rJj+YaS6IGyiOL0VoBYX+l1Wrl3k63h/KrH+nhJ0XvQ==",
			"dev": true
		},
		"node_modules/has": {
			"version": "1.0.3",
			"resolved": "https://registry.npmjs.org/has/-/has-1.0.3.tgz",
			"integrity": "sha512-f2dvO0VU6Oej7RkWJGrehjbzMAjFp5/VKPp5tTpWIV4JHHZK1/BxbFRtf/siA2SWTe09caDmVtYYzWEIbBS4zw==",
			"dev": true,
			"dependencies": {
				"function-bind": "^1.1.1"
			},
			"engines": {
				"node": ">= 0.4.0"
			}
		},
		"node_modules/has-flag": {
			"version": "4.0.0",
			"resolved": "https://registry.npmjs.org/has-flag/-/has-flag-4.0.0.tgz",
			"integrity": "sha512-EykJT/Q1KjTWctppgIAgfSO0tKVuZUjhgMr17kqTumMl6Afv3EISleU7qZUzoXDFTAHTDC4NOoG/ZxU3EvlMPQ==",
			"dev": true,
			"engines": {
				"node": ">=8"
			}
		},
		"node_modules/import-local": {
			"version": "3.1.0",
			"resolved": "https://registry.npmjs.org/import-local/-/import-local-3.1.0.tgz",
			"integrity": "sha512-ASB07uLtnDs1o6EHjKpX34BKYDSqnFerfTOJL2HvMqF70LnxpjkzDB8J44oT9pu4AMPkQwf8jl6szgvNd2tRIg==",
			"dev": true,
			"dependencies": {
				"pkg-dir": "^4.2.0",
				"resolve-cwd": "^3.0.0"
			},
			"bin": {
				"import-local-fixture": "fixtures/cli.js"
			},
			"engines": {
				"node": ">=8"
			},
			"funding": {
				"url": "https://github.com/sponsors/sindresorhus"
			}
		},
		"node_modules/interpret": {
			"version": "3.1.1",
			"resolved": "https://registry.npmjs.org/interpret/-/interpret-3.1.1.tgz",
			"integrity": "sha512-6xwYfHbajpoF0xLW+iwLkhwgvLoZDfjYfoFNu8ftMoXINzwuymNLd9u/KmwtdT2GbR+/Cz66otEGEVVUHX9QLQ==",
			"dev": true,
			"engines": {
				"node": ">=10.13.0"
			}
		},
		"node_modules/is-core-module": {
			"version": "2.12.1",
			"resolved": "https://registry.npmjs.org/is-core-module/-/is-core-module-2.12.1.tgz",
			"integrity": "sha512-Q4ZuBAe2FUsKtyQJoQHlvP8OvBERxO3jEmy1I7hcRXcJBGGHFh/aJBswbXuS9sgrDH2QUO8ilkwNPHvHMd8clg==",
			"dev": true,
			"dependencies": {
				"has": "^1.0.3"
			},
			"funding": {
				"url": "https://github.com/sponsors/ljharb"
			}
		},
		"node_modules/is-plain-object": {
			"version": "2.0.4",
			"resolved": "https://registry.npmjs.org/is-plain-object/-/is-plain-object-2.0.4.tgz",
			"integrity": "sha512-h5PpgXkWitc38BBMYawTYMWJHFZJVnBquFE57xFpjB8pJFiF6gZ+bU+WyI/yqXiFR5mdLsgYNaPe8uao6Uv9Og==",
			"dev": true,
			"dependencies": {
				"isobject": "^3.0.1"
			},
			"engines": {
				"node": ">=0.10.0"
			}
		},
		"node_modules/isexe": {
			"version": "2.0.0",
			"resolved": "https://registry.npmjs.org/isexe/-/isexe-2.0.0.tgz",
			"integrity": "sha512-RHxMLp9lnKHGHRng9QFhRCMbYAcVpn69smSGcq3f36xjgVVWThj4qqLbTLlq7Ssj8B+fIQ1EuCEGI2lKsyQeIw==",
			"dev": true
		},
		"node_modules/isobject": {
			"version": "3.0.1",
			"resolved": "https://registry.npmjs.org/isobject/-/isobject-3.0.1.tgz",
			"integrity": "sha512-WhB9zCku7EGTj/HQQRz5aUQEUeoQZH2bWcltRErOpymJ4boYE6wL9Tbr23krRPSZ+C5zqNSrSw+Cc7sZZ4b7vg==",
			"dev": true,
			"engines": {
				"node": ">=0.10.0"
			}
		},
		"node_modules/jest-worker": {
			"version": "27.5.1",
			"resolved": "https://registry.npmjs.org/jest-worker/-/jest-worker-27.5.1.tgz",
			"integrity": "sha512-7vuh85V5cdDofPyxn58nrPjBktZo0u9x1g8WtjQol+jZDaE+fhN+cIvTj11GndBnMnyfrUOG1sZQxCdjKh+DKg==",
			"dev": true,
			"dependencies": {
				"@types/node": "*",
				"merge-stream": "^2.0.0",
				"supports-color": "^8.0.0"
			},
			"engines": {
				"node": ">= 10.13.0"
			}
		},
		"node_modules/json-parse-even-better-errors": {
			"version": "2.3.1",
			"resolved": "https://registry.npmjs.org/json-parse-even-better-errors/-/json-parse-even-better-errors-2.3.1.tgz",
			"integrity": "sha512-xyFwyhro/JEof6Ghe2iz2NcXoj2sloNsWr/XsERDK/oiPCfaNhl5ONfp+jQdAZRQQ0IJWNzH9zIZF7li91kh2w==",
			"dev": true
		},
		"node_modules/json-schema-traverse": {
			"version": "0.4.1",
			"resolved": "https://registry.npmjs.org/json-schema-traverse/-/json-schema-traverse-0.4.1.tgz",
			"integrity": "sha512-xbbCH5dCYU5T8LcEhhuh7HJ88HXuW3qsI3Y0zOZFKfZEHcpWiHU/Jxzk629Brsab/mMiHQti9wMP+845RPe3Vg==",
			"dev": true
		},
		"node_modules/kind-of": {
			"version": "6.0.3",
			"resolved": "https://registry.npmjs.org/kind-of/-/kind-of-6.0.3.tgz",
			"integrity": "sha512-dcS1ul+9tmeD95T+x28/ehLgd9mENa3LsvDTtzm3vyBEO7RPptvAD+t44WVXaUjTBRcrpFeFlC8WCruUR456hw==",
			"dev": true,
			"engines": {
				"node": ">=0.10.0"
			}
		},
		"node_modules/loader-runner": {
			"version": "4.3.0",
			"resolved": "https://registry.npmjs.org/loader-runner/-/loader-runner-4.3.0.tgz",
			"integrity": "sha512-3R/1M+yS3j5ou80Me59j7F9IMs4PXs3VqRrm0TU3AbKPxlmpoY1TNscJV/oGJXo8qCatFGTfDbY6W6ipGOYXfg==",
			"dev": true,
			"engines": {
				"node": ">=6.11.5"
			}
		},
		"node_modules/locate-path": {
			"version": "5.0.0",
			"resolved": "https://registry.npmjs.org/locate-path/-/locate-path-5.0.0.tgz",
			"integrity": "sha512-t7hw9pI+WvuwNJXwk5zVHpyhIqzg2qTlklJOf0mVxGSbe3Fp2VieZcduNYjaLDoy6p9uGpQEGWG87WpMKlNq8g==",
			"dev": true,
			"dependencies": {
				"p-locate": "^4.1.0"
			},
			"engines": {
				"node": ">=8"
			}
		},
		"node_modules/merge-stream": {
			"version": "2.0.0",
			"resolved": "https://registry.npmjs.org/merge-stream/-/merge-stream-2.0.0.tgz",
			"integrity": "sha512-abv/qOcuPfk3URPfDzmZU1LKmuw8kT+0nIHvKrKgFrwifol/doWcdA4ZqsWQ8ENrFKkd67Mfpo/LovbIUsbt3w==",
			"dev": true
		},
		"node_modules/mime-db": {
			"version": "1.52.0",
			"resolved": "https://registry.npmjs.org/mime-db/-/mime-db-1.52.0.tgz",
			"integrity": "sha512-sPU4uV7dYlvtWJxwwxHD0PuihVNiE7TyAbQ5SWxDCB9mUYvOgroQOwYQQOKPJ8CIbE+1ETVlOoK1UC2nU3gYvg==",
			"engines": {
				"node": ">= 0.6"
			}
		},
		"node_modules/mime-types": {
			"version": "2.1.35",
			"resolved": "https://registry.npmjs.org/mime-types/-/mime-types-2.1.35.tgz",
			"integrity": "sha512-ZDY+bPm5zTTF+YpCrAU9nK0UgICYPT0QtT1NZWFv4s++TNkcgVaT0g6+4R2uI4MjQjzysHB1zxuWL50hzaeXiw==",
			"dependencies": {
				"mime-db": "1.52.0"
			},
			"engines": {
				"node": ">= 0.6"
			}
		},
		"node_modules/neo-async": {
			"version": "2.6.2",
			"resolved": "https://registry.npmjs.org/neo-async/-/neo-async-2.6.2.tgz",
			"integrity": "sha512-Yd3UES5mWCSqR+qNT93S3UoYUkqAZ9lLg8a7g9rimsWmYGK8cVToA4/sF3RrshdyV3sAGMXVUmpMYOw+dLpOuw==",
			"dev": true
		},
		"node_modules/node-releases": {
			"version": "2.0.12",
			"resolved": "https://registry.npmjs.org/node-releases/-/node-releases-2.0.12.tgz",
			"integrity": "sha512-QzsYKWhXTWx8h1kIvqfnC++o0pEmpRQA/aenALsL2F4pqNVr7YzcdMlDij5WBnwftRbJCNJL/O7zdKaxKPHqgQ==",
			"dev": true
		},
		"node_modules/p-limit": {
			"version": "2.3.0",
			"resolved": "https://registry.npmjs.org/p-limit/-/p-limit-2.3.0.tgz",
			"integrity": "sha512-//88mFWSJx8lxCzwdAABTJL2MyWB12+eIY7MDL2SqLmAkeKU9qxRvWuSyTjm3FUmpBEMuFfckAIqEaVGUDxb6w==",
			"dev": true,
			"dependencies": {
				"p-try": "^2.0.0"
			},
			"engines": {
				"node": ">=6"
			},
			"funding": {
				"url": "https://github.com/sponsors/sindresorhus"
			}
		},
		"node_modules/p-locate": {
			"version": "4.1.0",
			"resolved": "https://registry.npmjs.org/p-locate/-/p-locate-4.1.0.tgz",
			"integrity": "sha512-R79ZZ/0wAxKGu3oYMlz8jy/kbhsNrS7SKZ7PxEHBgJ5+F2mtFW2fK2cOtBh1cHYkQsbzFV7I+EoRKe6Yt0oK7A==",
			"dev": true,
			"dependencies": {
				"p-limit": "^2.2.0"
			},
			"engines": {
				"node": ">=8"
			}
		},
		"node_modules/p-try": {
			"version": "2.2.0",
			"resolved": "https://registry.npmjs.org/p-try/-/p-try-2.2.0.tgz",
			"integrity": "sha512-R4nPAVTAU0B9D35/Gk3uJf/7XYbQcyohSKdvAxIRSNghFl4e71hVoGnBNQz9cWaXxO2I10KTC+3jMdvvoKw6dQ==",
			"dev": true,
			"engines": {
				"node": ">=6"
			}
		},
		"node_modules/path-exists": {
			"version": "4.0.0",
			"resolved": "https://registry.npmjs.org/path-exists/-/path-exists-4.0.0.tgz",
			"integrity": "sha512-ak9Qy5Q7jYb2Wwcey5Fpvg2KoAc/ZIhLSLOSBmRmygPsGwkVVt0fZa0qrtMz+m6tJTAHfZQ8FnmB4MG4LWy7/w==",
			"dev": true,
			"engines": {
				"node": ">=8"
			}
		},
		"node_modules/path-key": {
			"version": "3.1.1",
			"resolved": "https://registry.npmjs.org/path-key/-/path-key-3.1.1.tgz",
			"integrity": "sha512-ojmeN0qd+y0jszEtoY48r0Peq5dwMEkIlCOu6Q5f41lfkswXuKtYrhgoTpLnyIcHm24Uhqx+5Tqm2InSwLhE6Q==",
			"dev": true,
			"engines": {
				"node": ">=8"
			}
		},
		"node_modules/path-parse": {
			"version": "1.0.7",
			"resolved": "https://registry.npmjs.org/path-parse/-/path-parse-1.0.7.tgz",
			"integrity": "sha512-LDJzPVEEEPR+y48z93A0Ed0yXb8pAByGWo/k5YYdYgpY2/2EsOsksJrq7lOHxryrVOn1ejG6oAp8ahvOIQD8sw==",
			"dev": true
		},
		"node_modules/picocolors": {
			"version": "1.0.0",
			"resolved": "https://registry.npmjs.org/picocolors/-/picocolors-1.0.0.tgz",
			"integrity": "sha512-1fygroTLlHu66zi26VoTDv8yRgm0Fccecssto+MhsZ0D/DGW2sm8E8AjW7NU5VVTRt5GxbeZ5qBuJr+HyLYkjQ==",
			"dev": true
		},
		"node_modules/pkg-dir": {
			"version": "4.2.0",
			"resolved": "https://registry.npmjs.org/pkg-dir/-/pkg-dir-4.2.0.tgz",
			"integrity": "sha512-HRDzbaKjC+AOWVXxAU/x54COGeIv9eb+6CkDSQoNTt4XyWoIJvuPsXizxu/Fr23EiekbtZwmh1IcIG/l/a10GQ==",
			"dev": true,
			"dependencies": {
				"find-up": "^4.0.0"
			},
			"engines": {
				"node": ">=8"
			}
		},
		"node_modules/proxy-from-env": {
			"version": "1.1.0",
			"resolved": "https://registry.npmjs.org/proxy-from-env/-/proxy-from-env-1.1.0.tgz",
			"integrity": "sha512-D+zkORCbA9f1tdWRK0RaCR3GPv50cMxcrz4X8k5LTSUD1Dkw47mKJEZQNunItRTkWwgtaUSo1RVFRIG9ZXiFYg=="
		},
		"node_modules/punycode": {
			"version": "2.3.0",
			"resolved": "https://registry.npmjs.org/punycode/-/punycode-2.3.0.tgz",
			"integrity": "sha512-rRV+zQD8tVFys26lAGR9WUuS4iUAngJScM+ZRSKtvl5tKeZ2t5bvdNFdNHBW9FWR4guGHlgmsZ1G7BSm2wTbuA==",
			"dev": true,
			"engines": {
				"node": ">=6"
			}
		},
		"node_modules/randombytes": {
			"version": "2.1.0",
			"resolved": "https://registry.npmjs.org/randombytes/-/randombytes-2.1.0.tgz",
			"integrity": "sha512-vYl3iOX+4CKUWuxGi9Ukhie6fsqXqS9FE2Zaic4tNFD2N2QQaXOMFbuKK4QmDHC0JO6B1Zp41J0LpT0oR68amQ==",
			"dev": true,
			"dependencies": {
				"safe-buffer": "^5.1.0"
			}
		},
		"node_modules/rechoir": {
			"version": "0.8.0",
			"resolved": "https://registry.npmjs.org/rechoir/-/rechoir-0.8.0.tgz",
			"integrity": "sha512-/vxpCXddiX8NGfGO/mTafwjq4aFa/71pvamip0++IQk3zG8cbCj0fifNPrjjF1XMXUne91jL9OoxmdykoEtifQ==",
			"dev": true,
			"dependencies": {
				"resolve": "^1.20.0"
			},
			"engines": {
				"node": ">= 10.13.0"
			}
		},
		"node_modules/resolve": {
			"version": "1.22.2",
			"resolved": "https://registry.npmjs.org/resolve/-/resolve-1.22.2.tgz",
			"integrity": "sha512-Sb+mjNHOULsBv818T40qSPeRiuWLyaGMa5ewydRLFimneixmVy2zdivRl+AF6jaYPC8ERxGDmFSiqui6SfPd+g==",
			"dev": true,
			"dependencies": {
				"is-core-module": "^2.11.0",
				"path-parse": "^1.0.7",
				"supports-preserve-symlinks-flag": "^1.0.0"
			},
			"bin": {
				"resolve": "bin/resolve"
			},
			"funding": {
				"url": "https://github.com/sponsors/ljharb"
			}
		},
		"node_modules/resolve-cwd": {
			"version": "3.0.0",
			"resolved": "https://registry.npmjs.org/resolve-cwd/-/resolve-cwd-3.0.0.tgz",
			"integrity": "sha512-OrZaX2Mb+rJCpH/6CpSqt9xFVpN++x01XnN2ie9g6P5/3xelLAkXWVADpdz1IHD/KFfEXyE6V0U01OQ3UO2rEg==",
			"dev": true,
			"dependencies": {
				"resolve-from": "^5.0.0"
			},
			"engines": {
				"node": ">=8"
			}
		},
		"node_modules/resolve-from": {
			"version": "5.0.0",
			"resolved": "https://registry.npmjs.org/resolve-from/-/resolve-from-5.0.0.tgz",
			"integrity": "sha512-qYg9KP24dD5qka9J47d0aVky0N+b4fTU89LN9iDnjB5waksiC49rvMB0PrUJQGoTmH50XPiqOvAjDfaijGxYZw==",
			"dev": true,
			"engines": {
				"node": ">=8"
			}
		},
		"node_modules/safe-buffer": {
			"version": "5.2.1",
			"resolved": "https://registry.npmjs.org/safe-buffer/-/safe-buffer-5.2.1.tgz",
			"integrity": "sha512-rp3So07KcdmmKbGvgaNxQSJr7bGVSVk5S9Eq1F+ppbRo70+YeaDxkw5Dd8NPN+GD6bjnYm2VuPuCXmpuYvmCXQ==",
			"dev": true,
			"funding": [
				{
					"type": "github",
					"url": "https://github.com/sponsors/feross"
				},
				{
					"type": "patreon",
					"url": "https://www.patreon.com/feross"
				},
				{
					"type": "consulting",
					"url": "https://feross.org/support"
				}
			]
		},
		"node_modules/schema-utils": {
			"version": "3.3.0",
			"resolved": "https://registry.npmjs.org/schema-utils/-/schema-utils-3.3.0.tgz",
			"integrity": "sha512-pN/yOAvcC+5rQ5nERGuwrjLlYvLTbCibnZ1I7B1LaiAz9BRBlE9GMgE/eqV30P7aJQUf7Ddimy/RsbYO/GrVGg==",
			"dev": true,
			"dependencies": {
				"@types/json-schema": "^7.0.8",
				"ajv": "^6.12.5",
				"ajv-keywords": "^3.5.2"
			},
			"engines": {
				"node": ">= 10.13.0"
			},
			"funding": {
				"type": "opencollective",
				"url": "https://opencollective.com/webpack"
			}
		},
		"node_modules/serialize-javascript": {
			"version": "6.0.1",
			"resolved": "https://registry.npmjs.org/serialize-javascript/-/serialize-javascript-6.0.1.tgz",
			"integrity": "sha512-owoXEFjWRllis8/M1Q+Cw5k8ZH40e3zhp/ovX+Xr/vi1qj6QesbyXXViFbpNvWvPNAD62SutwEXavefrLJWj7w==",
			"dev": true,
			"dependencies": {
				"randombytes": "^2.1.0"
			}
		},
		"node_modules/shallow-clone": {
			"version": "3.0.1",
			"resolved": "https://registry.npmjs.org/shallow-clone/-/shallow-clone-3.0.1.tgz",
			"integrity": "sha512-/6KqX+GVUdqPuPPd2LxDDxzX6CAbjJehAAOKlNpqqUpAqPM6HeL8f+o3a+JsyGjn2lv0WY8UsTgUJjU9Ok55NA==",
			"dev": true,
			"dependencies": {
				"kind-of": "^6.0.2"
			},
			"engines": {
				"node": ">=8"
			}
		},
		"node_modules/shebang-command": {
			"version": "2.0.0",
			"resolved": "https://registry.npmjs.org/shebang-command/-/shebang-command-2.0.0.tgz",
			"integrity": "sha512-kHxr2zZpYtdmrN1qDjrrX/Z1rR1kG8Dx+gkpK1G4eXmvXswmcE1hTWBWYUzlraYw1/yZp6YuDY77YtvbN0dmDA==",
			"dev": true,
			"dependencies": {
				"shebang-regex": "^3.0.0"
			},
			"engines": {
				"node": ">=8"
			}
		},
		"node_modules/shebang-regex": {
			"version": "3.0.0",
			"resolved": "https://registry.npmjs.org/shebang-regex/-/shebang-regex-3.0.0.tgz",
			"integrity": "sha512-7++dFhtcx3353uBaq8DDR4NuxBetBzC7ZQOhmTQInHEd6bSrXdiEyzCvG07Z44UYdLShWUyXt5M/yhz8ekcb1A==",
			"dev": true,
			"engines": {
				"node": ">=8"
			}
		},
		"node_modules/source-map": {
			"version": "0.6.1",
			"resolved": "https://registry.npmjs.org/source-map/-/source-map-0.6.1.tgz",
			"integrity": "sha512-UjgapumWlbMhkBgzT7Ykc5YXUT46F0iKu8SGXq0bcwP5dz/h0Plj6enJqjz1Zbq2l5WaqYnrVbwWOWMyF3F47g==",
			"dev": true,
			"engines": {
				"node": ">=0.10.0"
			}
		},
		"node_modules/source-map-support": {
			"version": "0.5.21",
			"resolved": "https://registry.npmjs.org/source-map-support/-/source-map-support-0.5.21.tgz",
			"integrity": "sha512-uBHU3L3czsIyYXKX88fdrGovxdSCoTGDRZ6SYXtSRxLZUzHg5P/66Ht6uoUlHu9EZod+inXhKo3qQgwXUT/y1w==",
			"dev": true,
			"dependencies": {
				"buffer-from": "^1.0.0",
				"source-map": "^0.6.0"
			}
		},
		"node_modules/supports-color": {
			"version": "8.1.1",
			"resolved": "https://registry.npmjs.org/supports-color/-/supports-color-8.1.1.tgz",
			"integrity": "sha512-MpUEN2OodtUzxvKQl72cUF7RQ5EiHsGvSsVG0ia9c5RbWGL2CI4C7EpPS8UTBIplnlzZiNuV56w+FuNxy3ty2Q==",
			"dev": true,
			"dependencies": {
				"has-flag": "^4.0.0"
			},
			"engines": {
				"node": ">=10"
			},
			"funding": {
				"url": "https://github.com/chalk/supports-color?sponsor=1"
			}
		},
		"node_modules/supports-preserve-symlinks-flag": {
			"version": "1.0.0",
			"resolved": "https://registry.npmjs.org/supports-preserve-symlinks-flag/-/supports-preserve-symlinks-flag-1.0.0.tgz",
			"integrity": "sha512-ot0WnXS9fgdkgIcePe6RHNk1WA8+muPa6cSjeR3V8K27q9BB1rTE3R1p7Hv0z1ZyAc8s6Vvv8DIyWf681MAt0w==",
			"dev": true,
			"engines": {
				"node": ">= 0.4"
			},
			"funding": {
				"url": "https://github.com/sponsors/ljharb"
			}
		},
		"node_modules/tapable": {
			"version": "2.2.1",
			"resolved": "https://registry.npmjs.org/tapable/-/tapable-2.2.1.tgz",
			"integrity": "sha512-GNzQvQTOIP6RyTfE2Qxb8ZVlNmw0n88vp1szwWRimP02mnTsx3Wtn5qRdqY9w2XduFNUgvOwhNnQsjwCp+kqaQ==",
			"dev": true,
			"engines": {
				"node": ">=6"
			}
		},
		"node_modules/terser": {
			"version": "5.18.2",
			"resolved": "https://registry.npmjs.org/terser/-/terser-5.18.2.tgz",
			"integrity": "sha512-Ah19JS86ypbJzTzvUCX7KOsEIhDaRONungA4aYBjEP3JZRf4ocuDzTg4QWZnPn9DEMiMYGJPiSOy7aykoCc70w==",
			"dev": true,
			"dependencies": {
				"@jridgewell/source-map": "^0.3.3",
				"acorn": "^8.8.2",
				"commander": "^2.20.0",
				"source-map-support": "~0.5.20"
			},
			"bin": {
				"terser": "bin/terser"
			},
			"engines": {
				"node": ">=10"
			}
		},
		"node_modules/terser-webpack-plugin": {
			"version": "5.3.9",
			"resolved": "https://registry.npmjs.org/terser-webpack-plugin/-/terser-webpack-plugin-5.3.9.tgz",
			"integrity": "sha512-ZuXsqE07EcggTWQjXUj+Aot/OMcD0bMKGgF63f7UxYcu5/AJF53aIpK1YoP5xR9l6s/Hy2b+t1AM0bLNPRuhwA==",
			"dev": true,
			"dependencies": {
				"@jridgewell/trace-mapping": "^0.3.17",
				"jest-worker": "^27.4.5",
				"schema-utils": "^3.1.1",
				"serialize-javascript": "^6.0.1",
				"terser": "^5.16.8"
			},
			"engines": {
				"node": ">= 10.13.0"
			},
			"funding": {
				"type": "opencollective",
				"url": "https://opencollective.com/webpack"
			},
			"peerDependencies": {
				"webpack": "^5.1.0"
			},
			"peerDependenciesMeta": {
				"@swc/core": {
					"optional": true
				},
				"esbuild": {
					"optional": true
				},
				"uglify-js": {
					"optional": true
				}
			}
		},
		"node_modules/update-browserslist-db": {
			"version": "1.0.11",
			"resolved": "https://registry.npmjs.org/update-browserslist-db/-/update-browserslist-db-1.0.11.tgz",
			"integrity": "sha512-dCwEFf0/oT85M1fHBg4F0jtLwJrutGoHSQXCh7u4o2t1drG+c0a9Flnqww6XUKSfQMPpJBRjU8d4RXB09qtvaA==",
			"dev": true,
			"funding": [
				{
					"type": "opencollective",
					"url": "https://opencollective.com/browserslist"
				},
				{
					"type": "tidelift",
					"url": "https://tidelift.com/funding/github/npm/browserslist"
				},
				{
					"type": "github",
					"url": "https://github.com/sponsors/ai"
				}
			],
			"dependencies": {
				"escalade": "^3.1.1",
				"picocolors": "^1.0.0"
			},
			"bin": {
				"update-browserslist-db": "cli.js"
			},
			"peerDependencies": {
				"browserslist": ">= 4.21.0"
			}
		},
		"node_modules/uri-js": {
			"version": "4.4.1",
			"resolved": "https://registry.npmjs.org/uri-js/-/uri-js-4.4.1.tgz",
			"integrity": "sha512-7rKUyy33Q1yc98pQ1DAmLtwX109F7TIfWlW1Ydo8Wl1ii1SeHieeh0HHfPeL2fMXK6z0s8ecKs9frCuLJvndBg==",
			"dev": true,
			"dependencies": {
				"punycode": "^2.1.0"
			}
		},
		"node_modules/watchpack": {
			"version": "2.4.0",
			"resolved": "https://registry.npmjs.org/watchpack/-/watchpack-2.4.0.tgz",
			"integrity": "sha512-Lcvm7MGST/4fup+ifyKi2hjyIAwcdI4HRgtvTpIUxBRhB+RFtUh8XtDOxUfctVCnhVi+QQj49i91OyvzkJl6cg==",
			"dev": true,
			"dependencies": {
				"glob-to-regexp": "^0.4.1",
				"graceful-fs": "^4.1.2"
			},
			"engines": {
				"node": ">=10.13.0"
			}
		},
		"node_modules/webpack": {
			"version": "5.88.1",
			"resolved": "https://registry.npmjs.org/webpack/-/webpack-5.88.1.tgz",
			"integrity": "sha512-FROX3TxQnC/ox4N+3xQoWZzvGXSuscxR32rbzjpXgEzWudJFEJBpdlkkob2ylrv5yzzufD1zph1OoFsLtm6stQ==",
			"dev": true,
			"dependencies": {
				"@types/eslint-scope": "^3.7.3",
				"@types/estree": "^1.0.0",
				"@webassemblyjs/ast": "^1.11.5",
				"@webassemblyjs/wasm-edit": "^1.11.5",
				"@webassemblyjs/wasm-parser": "^1.11.5",
				"acorn": "^8.7.1",
				"acorn-import-assertions": "^1.9.0",
				"browserslist": "^4.14.5",
				"chrome-trace-event": "^1.0.2",
				"enhanced-resolve": "^5.15.0",
				"es-module-lexer": "^1.2.1",
				"eslint-scope": "5.1.1",
				"events": "^3.2.0",
				"glob-to-regexp": "^0.4.1",
				"graceful-fs": "^4.2.9",
				"json-parse-even-better-errors": "^2.3.1",
				"loader-runner": "^4.2.0",
				"mime-types": "^2.1.27",
				"neo-async": "^2.6.2",
				"schema-utils": "^3.2.0",
				"tapable": "^2.1.1",
				"terser-webpack-plugin": "^5.3.7",
				"watchpack": "^2.4.0",
				"webpack-sources": "^3.2.3"
			},
			"bin": {
				"webpack": "bin/webpack.js"
			},
			"engines": {
				"node": ">=10.13.0"
			},
			"funding": {
				"type": "opencollective",
				"url": "https://opencollective.com/webpack"
			},
			"peerDependenciesMeta": {
				"webpack-cli": {
					"optional": true
				}
			}
		},
		"node_modules/webpack-cli": {
			"version": "5.1.4",
			"resolved": "https://registry.npmjs.org/webpack-cli/-/webpack-cli-5.1.4.tgz",
			"integrity": "sha512-pIDJHIEI9LR0yxHXQ+Qh95k2EvXpWzZ5l+d+jIo+RdSm9MiHfzazIxwwni/p7+x4eJZuvG1AJwgC4TNQ7NRgsg==",
			"dev": true,
			"dependencies": {
				"@discoveryjs/json-ext": "^0.5.0",
				"@webpack-cli/configtest": "^2.1.1",
				"@webpack-cli/info": "^2.0.2",
				"@webpack-cli/serve": "^2.0.5",
				"colorette": "^2.0.14",
				"commander": "^10.0.1",
				"cross-spawn": "^7.0.3",
				"envinfo": "^7.7.3",
				"fastest-levenshtein": "^1.0.12",
				"import-local": "^3.0.2",
				"interpret": "^3.1.1",
				"rechoir": "^0.8.0",
				"webpack-merge": "^5.7.3"
			},
			"bin": {
				"webpack-cli": "bin/cli.js"
			},
			"engines": {
				"node": ">=14.15.0"
			},
			"funding": {
				"type": "opencollective",
				"url": "https://opencollective.com/webpack"
			},
			"peerDependencies": {
				"webpack": "5.x.x"
			},
			"peerDependenciesMeta": {
				"@webpack-cli/generators": {
					"optional": true
				},
				"webpack-bundle-analyzer": {
					"optional": true
				},
				"webpack-dev-server": {
					"optional": true
				}
			}
		},
		"node_modules/webpack-cli/node_modules/commander": {
			"version": "10.0.1",
			"resolved": "https://registry.npmjs.org/commander/-/commander-10.0.1.tgz",
			"integrity": "sha512-y4Mg2tXshplEbSGzx7amzPwKKOCGuoSRP/CjEdwwk0FOGlUbq6lKuoyDZTNZkmxHdJtp54hdfY/JUrdL7Xfdug==",
			"dev": true,
			"engines": {
				"node": ">=14"
			}
		},
		"node_modules/webpack-merge": {
			"version": "5.9.0",
			"resolved": "https://registry.npmjs.org/webpack-merge/-/webpack-merge-5.9.0.tgz",
			"integrity": "sha512-6NbRQw4+Sy50vYNTw7EyOn41OZItPiXB8GNv3INSoe3PSFaHJEz3SHTrYVaRm2LilNGnFUzh0FAwqPEmU/CwDg==",
			"dev": true,
			"dependencies": {
				"clone-deep": "^4.0.1",
				"wildcard": "^2.0.0"
			},
			"engines": {
				"node": ">=10.0.0"
			}
		},
		"node_modules/webpack-sources": {
			"version": "3.2.3",
			"resolved": "https://registry.npmjs.org/webpack-sources/-/webpack-sources-3.2.3.tgz",
			"integrity": "sha512-/DyMEOrDgLKKIG0fmvtz+4dUX/3Ghozwgm6iPp8KRhvn+eQf9+Q7GWxVNMk3+uCPWfdXYC4ExGBckIXdFEfH1w==",
			"dev": true,
			"engines": {
				"node": ">=10.13.0"
			}
		},
		"node_modules/which": {
			"version": "2.0.2",
			"resolved": "https://registry.npmjs.org/which/-/which-2.0.2.tgz",
			"integrity": "sha512-BLI3Tl1TW3Pvl70l3yq3Y64i+awpwXqsGBYWkkqMtnbXgrMD+yj7rhW0kuEDxzJaYXGjEW5ogapKNMEKNMjibA==",
			"dev": true,
			"dependencies": {
				"isexe": "^2.0.0"
			},
			"bin": {
				"node-which": "bin/node-which"
			},
			"engines": {
				"node": ">= 8"
			}
		},
		"node_modules/wildcard": {
			"version": "2.0.1",
			"resolved": "https://registry.npmjs.org/wildcard/-/wildcard-2.0.1.tgz",
			"integrity": "sha512-CC1bOL87PIWSBhDcTrdeLo6eGT7mCFtrg0uIJtqJUFyK+eJnzl8A1niH56uu7KMa5XFrtiV+AQuHO3n7DsHnLQ==",
			"dev": true
		}
	}
}
